
Microsoft Visual Studio Solution File, Format Version 10.00
# Visual C++ Express 2008
Project("{8BC9CEB8-8B4A-11D0-8D11-00A0C91BC942}") = "sim_logger", "sim_logger.vcproj", "{1A74EB36-8EA0-4CAF-A368-73429D41D34E}"
EndProject
Global
	GlobalSection(SolutionConfigurationPlatforms) = preSolution
		Debug|Win32 = Debug|Win32
		Release|Win32 = Release|Win32
	EndGlobalSection
	GlobalSection(ProjectConfigurationPlatforms) = postSolution
		{1A74EB36-8EA0-4CAF-A368-73429D41D34E}.Debug|Win32.ActiveCfg = Debug|Win32
		{1A74EB36-8EA0-4CAF-A368-73429D41D34E}.Debug|Win32.Build.0 = Debug|Win32
		{1A74EB36-8EA0-4CAF-A368-73429D41D34E}.Release|Win32.ActiveCfg = Release|Win32
		{1A74EB36-8EA0-4CAF-A368-73429D41D34E}.Release|Win32.Build.0 = Release|Win32
	EndGlobalSection
	GlobalSection(SolutionProperties) = preSolution
		HideSolutionNode = FALSE
	EndGlobalSection
EndGlobal
